
Microsoft Visual Studio Solution File, Format Version 12.00
# Visual Studio Version 17
VisualStudioVersion = 17.3.32901.215
MinimumVisualStudioVersion = 10.0.40219.1
Project("{FAE04EC0-301F-11D3-BF4B-00C04F79EFBC}") = "Console_Core", "Console_Core.csproj", "{C881A54F-6132-4E63-A9E3-8DA3DE869CB6}"
EndProject
Global
	GlobalSection(SolutionConfigurationPlatforms) = preSolution
		Debug|Any CPU = Debug|Any CPU
		Release|Any CPU = Release|Any CPU
	EndGlobalSection
	GlobalSection(ProjectConfigurationPlatforms) = postSolution
		{C881A54F-6132-4E63-A9E3-8DA3DE869CB6}.Debug|Any CPU.ActiveCfg = Debug|Any CPU
		{C881A54F-6132-4E63-A9E3-8DA3DE869CB6}.Debug|Any CPU.Build.0 = Debug|Any CPU
		{C881A54F-6132-4E63-A9E3-8DA3DE869CB6}.Release|Any CPU.ActiveCfg = Release|Any CPU
		{C881A54F-6132-4E63-A9E3-8DA3DE869CB6}.Release|Any CPU.Build.0 = Release|Any CPU
	EndGlobalSection
	GlobalSection(SolutionProperties) = preSolution
		HideSolutionNode = FALSE
	EndGlobalSection
	GlobalSection(ExtensibilityGlobals) = postSolution
		SolutionGuid = {4084956E-579C-41A0-9417-B7BA79F841E6}
	EndGlobalSection
EndGlobal
